
Microsoft Visual Studio Solution File, Format Version 12.00
# Visual Studio Version 16
VisualStudioVersion = 16.0.31129.286
MinimumVisualStudioVersion = 10.0.40219.1
Project("{FAE04EC0-301F-11D3-BF4B-00C04F79EFBC}") = "AnguYchet", "AnguYchet\AnguYchet.csproj", "{64E61EAF-444A-4FC5-BF7C-8BE702CD0BF9}"
EndProject
Global
	GlobalSection(SolutionConfigurationPlatforms) = preSolution
		Debug|Any CPU = Debug|Any CPU
		Release|Any CPU = Release|Any CPU
	EndGlobalSection
	GlobalSection(ProjectConfigurationPlatforms) = postSolution
		{64E61EAF-444A-4FC5-BF7C-8BE702CD0BF9}.Debug|Any CPU.ActiveCfg = Debug|Any CPU
		{64E61EAF-444A-4FC5-BF7C-8BE702CD0BF9}.Debug|Any CPU.Build.0 = Debug|Any CPU
		{64E61EAF-444A-4FC5-BF7C-8BE702CD0BF9}.Release|Any CPU.ActiveCfg = Release|Any CPU
		{64E61EAF-444A-4FC5-BF7C-8BE702CD0BF9}.Release|Any CPU.Build.0 = Release|Any CPU
	EndGlobalSection
	GlobalSection(SolutionProperties) = preSolution
		HideSolutionNode = FALSE
	EndGlobalSection
	GlobalSection(ExtensibilityGlobals) = postSolution
		SolutionGuid = {762A0878-6442-4820-8644-6E32A6D57E5C}
	EndGlobalSection
EndGlobal
